// !$*UTF8*$!
{
	archiveVersion = 1;
	classes = {
	};
	objectVersion = 55;
	objects = {

/* Begin PBXBuildFile section */
		207CC0BC27DE318A00B41C33 /* main.cpp in Sources */ = {isa = PBXBuildFile; fileRef = 207CC0BB27DE318A00B41C33 /* main.cpp */; };
		207CC0C727DE681D00B41C33 /* main.cpp in Sources */ = {isa = PBXBuildFile; fileRef = 207CC0C627DE681D00B41C33 /* main.cpp */; };
		75536D9F27DDDDB0005487DC /* main.cpp in Sources */ = {isa = PBXBuildFile; fileRef = 75536D9E27DDDDB0005487DC /* main.cpp */; };
		75536DAC27DDDDD7005487DC /* main.cpp in Sources */ = {isa = PBXBuildFile; fileRef = 75536DAB27DDDDD7005487DC /* main.cpp */; };
/* End PBXBuildFile section */

/* Begin PBXCopyFilesBuildPhase section */
		207CC0B727DE318A00B41C33 /* CopyFiles */ = {
			isa = PBXCopyFilesBuildPhase;
			buildActionMask = 2147483647;
			dstPath = /usr/share/man/man1/;
			dstSubfolderSpec = 0;
			files = (
			);
			runOnlyForDeploymentPostprocessing = 1;
		};
		207CC0C227DE681D00B41C33 /* CopyFiles */ = {
			isa = PBXCopyFilesBuildPhase;
			buildActionMask = 2147483647;
			dstPath = /usr/share/man/man1/;
			dstSubfolderSpec = 0;
			files = (
			);
			runOnlyForDeploymentPostprocessing = 1;
		};
		75536D9927DDDDB0005487DC /* CopyFiles */ = {
			isa = PBXCopyFilesBuildPhase;
			buildActionMask = 2147483647;
			dstPath = /usr/share/man/man1/;
			dstSubfolderSpec = 0;
			files = (
			);
			runOnlyForDeploymentPostprocessing = 1;
		};
		75536DA727DDDDD7005487DC /* CopyFiles */ = {
			isa = PBXCopyFilesBuildPhase;
			buildActionMask = 2147483647;
			dstPath = /usr/share/man/man1/;
			dstSubfolderSpec = 0;
			files = (
			);
			runOnlyForDeploymentPostprocessing = 1;
		};
/* End PBXCopyFilesBuildPhase section */

/* Begin PBXFileReference section */
		207CC0B927DE318A00B41C33 /* 7B_schedule */ = {isa = PBXFileReference; explicitFileType = "compiled.mach-o.executable"; includeInIndex = 0; path = 7B_schedule; sourceTree = BUILT_PRODUCTS_DIR; };
		207CC0BB27DE318A00B41C33 /* main.cpp */ = {isa = PBXFileReference; lastKnownFileType = sourcecode.cpp.cpp; path = main.cpp; sourceTree = "<group>"; };
		207CC0C427DE681D00B41C33 /* 7C_gold_rush */ = {isa = PBXFileReference; explicitFileType = "compiled.mach-o.executable"; includeInIndex = 0; path = 7C_gold_rush; sourceTree = BUILT_PRODUCTS_DIR; };
		207CC0C627DE681D00B41C33 /* main.cpp */ = {isa = PBXFileReference; lastKnownFileType = sourcecode.cpp.cpp; path = main.cpp; sourceTree = "<group>"; };
		75536D9B27DDDDB0005487DC /* algorithms_part_three */ = {isa = PBXFileReference; explicitFileType = "compiled.mach-o.executable"; includeInIndex = 0; path = algorithms_part_three; sourceTree = BUILT_PRODUCTS_DIR; };
		75536D9E27DDDDB0005487DC /* main.cpp */ = {isa = PBXFileReference; lastKnownFileType = sourcecode.cpp.cpp; path = main.cpp; sourceTree = "<group>"; };
		75536DA927DDDDD7005487DC /* 7A_stock_exchange */ = {isa = PBXFileReference; explicitFileType = "compiled.mach-o.executable"; includeInIndex = 0; path = 7A_stock_exchange; sourceTree = BUILT_PRODUCTS_DIR; };
		75536DAB27DDDDD7005487DC /* main.cpp */ = {isa = PBXFileReference; lastKnownFileType = sourcecode.cpp.cpp; path = main.cpp; sourceTree = "<group>"; };
/* End PBXFileReference section */

/* Begin PBXFrameworksBuildPhase section */
		207CC0B627DE318A00B41C33 /* Frameworks */ = {
			isa = PBXFrameworksBuildPhase;
			buildActionMask = 2147483647;
			files = (
			);
			runOnlyForDeploymentPostprocessing = 0;
		};
		207CC0C127DE681D00B41C33 /* Frameworks */ = {
			isa = PBXFrameworksBuildPhase;
			buildActionMask = 2147483647;
			files = (
			);
			runOnlyForDeploymentPostprocessing = 0;
		};
		75536D9827DDDDB0005487DC /* Frameworks */ = {
			isa = PBXFrameworksBuildPhase;
			buildActionMask = 2147483647;
			files = (
			);
			runOnlyForDeploymentPostprocessing = 0;
		};
		75536DA627DDDDD7005487DC /* Frameworks */ = {
			isa = PBXFrameworksBuildPhase;
			buildActionMask = 2147483647;
			files = (
			);
			runOnlyForDeploymentPostprocessing = 0;
		};
/* End PBXFrameworksBuildPhase section */

/* Begin PBXGroup section */
		207CC0BA27DE318A00B41C33 /* 7B_schedule */ = {
			isa = PBXGroup;
			children = (
				207CC0BB27DE318A00B41C33 /* main.cpp */,
			);
			path = 7B_schedule;
			sourceTree = "<group>";
		};
		207CC0C527DE681D00B41C33 /* 7C_gold_rush */ = {
			isa = PBXGroup;
			children = (
				207CC0C627DE681D00B41C33 /* main.cpp */,
			);
			path = 7C_gold_rush;
			sourceTree = "<group>";
		};
		75536D9227DDDDB0005487DC = {
			isa = PBXGroup;
			children = (
				75536D9D27DDDDB0005487DC /* algorithms_part_three */,
				75536DAA27DDDDD7005487DC /* 7A_stock_exchange */,
				207CC0BA27DE318A00B41C33 /* 7B_schedule */,
				207CC0C527DE681D00B41C33 /* 7C_gold_rush */,
				75536D9C27DDDDB0005487DC /* Products */,
			);
			sourceTree = "<group>";
		};
		75536D9C27DDDDB0005487DC /* Products */ = {
			isa = PBXGroup;
			children = (
				75536D9B27DDDDB0005487DC /* algorithms_part_three */,
				75536DA927DDDDD7005487DC /* 7A_stock_exchange */,
				207CC0B927DE318A00B41C33 /* 7B_schedule */,
				207CC0C427DE681D00B41C33 /* 7C_gold_rush */,
			);
			name = Products;
			sourceTree = "<group>";
		};
		75536D9D27DDDDB0005487DC /* algorithms_part_three */ = {
			isa = PBXGroup;
			children = (
				75536D9E27DDDDB0005487DC /* main.cpp */,
			);
			path = algorithms_part_three;
			sourceTree = "<group>";
		};
		75536DAA27DDDDD7005487DC /* 7A_stock_exchange */ = {
			isa = PBXGroup;
			children = (
				75536DAB27DDDDD7005487DC /* main.cpp */,
			);
			path = 7A_stock_exchange;
			sourceTree = "<group>";
		};
/* End PBXGroup section */

/* Begin PBXNativeTarget section */
		207CC0B827DE318A00B41C33 /* 7B_schedule */ = {
			isa = PBXNativeTarget;
			buildConfigurationList = 207CC0BF27DE318A00B41C33 /* Build configuration list for PBXNativeTarget "7B_schedule" */;
			buildPhases = (
				207CC0B527DE318A00B41C33 /* Sources */,
				207CC0B627DE318A00B41C33 /* Frameworks */,
				207CC0B727DE318A00B41C33 /* CopyFiles */,
			);
			buildRules = (
			);
			dependencies = (
			);
			name = 7B_schedule;
			productName = 7B_schedule;
			productReference = 207CC0B927DE318A00B41C33 /* 7B_schedule */;
			productType = "com.apple.product-type.tool";
		};
		207CC0C327DE681D00B41C33 /* 7C_gold_rush */ = {
			isa = PBXNativeTarget;
			buildConfigurationList = 207CC0C827DE681D00B41C33 /* Build configuration list for PBXNativeTarget "7C_gold_rush" */;
			buildPhases = (
				207CC0C027DE681D00B41C33 /* Sources */,
				207CC0C127DE681D00B41C33 /* Frameworks */,
				207CC0C227DE681D00B41C33 /* CopyFiles */,
			);
			buildRules = (
			);
			dependencies = (
			);
			name = 7C_gold_rush;
			productName = 7C_gold_rush;
			productReference = 207CC0C427DE681D00B41C33 /* 7C_gold_rush */;
			productType = "com.apple.product-type.tool";
		};
		75536D9A27DDDDB0005487DC /* algorithms_part_three */ = {
			isa = PBXNativeTarget;
			buildConfigurationList = 75536DA227DDDDB0005487DC /* Build configuration list for PBXNativeTarget "algorithms_part_three" */;
			buildPhases = (
				75536D9727DDDDB0005487DC /* Sources */,
				75536D9827DDDDB0005487DC /* Frameworks */,
				75536D9927DDDDB0005487DC /* CopyFiles */,
			);
			buildRules = (
			);
			dependencies = (
			);
			name = algorithms_part_three;
			productName = algorithms_part_three;
			productReference = 75536D9B27DDDDB0005487DC /* algorithms_part_three */;
			productType = "com.apple.product-type.tool";
		};
		75536DA827DDDDD7005487DC /* 7A_stock_exchange */ = {
			isa = PBXNativeTarget;
			buildConfigurationList = 75536DAD27DDDDD7005487DC /* Build configuration list for PBXNativeTarget "7A_stock_exchange" */;
			buildPhases = (
				75536DA527DDDDD7005487DC /* Sources */,
				75536DA627DDDDD7005487DC /* Frameworks */,
				75536DA727DDDDD7005487DC /* CopyFiles */,
			);
			buildRules = (
			);
			dependencies = (
			);
			name = 7A_stock_exchange;
			productName = 7A_stock_exchange;
			productReference = 75536DA927DDDDD7005487DC /* 7A_stock_exchange */;
			productType = "com.apple.product-type.tool";
		};
/* End PBXNativeTarget section */

/* Begin PBXProject section */
		75536D9327DDDDB0005487DC /* Project object */ = {
			isa = PBXProject;
			attributes = {
				BuildIndependentTargetsInParallel = 1;
				LastUpgradeCheck = 1320;
				TargetAttributes = {
					207CC0B827DE318A00B41C33 = {
						CreatedOnToolsVersion = 13.2.1;
					};
					207CC0C327DE681D00B41C33 = {
						CreatedOnToolsVersion = 13.2.1;
					};
					75536D9A27DDDDB0005487DC = {
						CreatedOnToolsVersion = 13.2.1;
					};
					75536DA827DDDDD7005487DC = {
						CreatedOnToolsVersion = 13.2.1;
					};
				};
			};
			buildConfigurationList = 75536D9627DDDDB0005487DC /* Build configuration list for PBXProject "algorithms_part_three" */;
			compatibilityVersion = "Xcode 13.0";
			developmentRegion = en;
			hasScannedForEncodings = 0;
			knownRegions = (
				en,
				Base,
			);
			mainGroup = 75536D9227DDDDB0005487DC;
			productRefGroup = 75536D9C27DDDDB0005487DC /* Products */;
			projectDirPath = "";
			projectRoot = "";
			targets = (
				75536D9A27DDDDB0005487DC /* algorithms_part_three */,
				75536DA827DDDDD7005487DC /* 7A_stock_exchange */,
				207CC0B827DE318A00B41C33 /* 7B_schedule */,
				207CC0C327DE681D00B41C33 /* 7C_gold_rush */,
			);
		};
/* End PBXProject section */

/* Begin PBXSourcesBuildPhase section */
		207CC0B527DE318A00B41C33 /* Sources */ = {
			isa = PBXSourcesBuildPhase;
			buildActionMask = 2147483647;
			files = (
				207CC0BC27DE318A00B41C33 /* main.cpp in Sources */,
			);
			runOnlyForDeploymentPostprocessing = 0;
		};
		207CC0C027DE681D00B41C33 /* Sources */ = {
			isa = PBXSourcesBuildPhase;
			buildActionMask = 2147483647;
			files = (
				207CC0C727DE681D00B41C33 /* main.cpp in Sources */,
			);
			runOnlyForDeploymentPostprocessing = 0;
		};
		75536D9727DDDDB0005487DC /* Sources */ = {
			isa = PBXSourcesBuildPhase;
			buildActionMask = 2147483647;
			files = (
				75536D9F27DDDDB0005487DC /* main.cpp in Sources */,
			);
			runOnlyForDeploymentPostprocessing = 0;
		};
		75536DA527DDDDD7005487DC /* Sources */ = {
			isa = PBXSourcesBuildPhase;
			buildActionMask = 2147483647;
			files = (
				75536DAC27DDDDD7005487DC /* main.cpp in Sources */,
			);
			runOnlyForDeploymentPostprocessing = 0;
		};
/* End PBXSourcesBuildPhase section */

/* Begin XCBuildConfiguration section */
		207CC0BD27DE318A00B41C33 /* Debug */ = {
			isa = XCBuildConfiguration;
			buildSettings = {
				CODE_SIGN_STYLE = Automatic;
				MACOSX_DEPLOYMENT_TARGET = 12.1;
				PRODUCT_NAME = "$(TARGET_NAME)";
			};
			name = Debug;
		};
		207CC0BE27DE318A00B41C33 /* Release */ = {
			isa = XCBuildConfiguration;
			buildSettings = {
				CODE_SIGN_STYLE = Automatic;
				MACOSX_DEPLOYMENT_TARGET = 12.1;
				PRODUCT_NAME = "$(TARGET_NAME)";
			};
			name = Release;
		};
		207CC0C927DE681D00B41C33 /* Debug */ = {
			isa = XCBuildConfiguration;
			buildSettings = {
				CODE_SIGN_STYLE = Automatic;
				MACOSX_DEPLOYMENT_TARGET = 12.1;
				PRODUCT_NAME = "$(TARGET_NAME)";
			};
			name = Debug;
		};
		207CC0CA27DE681D00B41C33 /* Release */ = {
			isa = XCBuildConfiguration;
			buildSettings = {
				CODE_SIGN_STYLE = Automatic;
				MACOSX_DEPLOYMENT_TARGET = 12.1;
				PRODUCT_NAME = "$(TARGET_NAME)";
			};
			name = Release;
		};
		75536DA027DDDDB0005487DC /* Debug */ = {
			isa = XCBuildConfiguration;
			buildSettings = {
				ALWAYS_SEARCH_USER_PATHS = NO;
				CLANG_ANALYZER_NONNULL = YES;
				CLANG_ANALYZER_NUMBER_OBJECT_CONVERSION = YES_AGGRESSIVE;
				CLANG_CXX_LANGUAGE_STANDARD = "gnu++17";
				CLANG_CXX_LIBRARY = "libc++";
				CLANG_ENABLE_MODULES = YES;
				CLANG_ENABLE_OBJC_ARC = YES;
				CLANG_ENABLE_OBJC_WEAK = YES;
				CLANG_WARN_BLOCK_CAPTURE_AUTORELEASING = YES;
				CLANG_WARN_BOOL_CONVERSION = YES;
				CLANG_WARN_COMMA = YES;
				CLANG_WARN_CONSTANT_CONVERSION = YES;
				CLANG_WARN_DEPRECATED_OBJC_IMPLEMENTATIONS = YES;
				CLANG_WARN_DIRECT_OBJC_ISA_USAGE = YES_ERROR;
				CLANG_WARN_DOCUMENTATION_COMMENTS = YES;
				CLANG_WARN_EMPTY_BODY = YES;
				CLANG_WARN_ENUM_CONVERSION = YES;
				CLANG_WARN_INFINITE_RECURSION = YES;
				CLANG_WARN_INT_CONVERSION = YES;
				CLANG_WARN_NON_LITERAL_NULL_CONVERSION = YES;
				CLANG_WARN_OBJC_IMPLICIT_RETAIN_SELF = YES;
				CLANG_WARN_OBJC_LITERAL_CONVERSION = YES;
				CLANG_WARN_OBJC_ROOT_CLASS = YES_ERROR;
				CLANG_WARN_QUOTED_INCLUDE_IN_FRAMEWORK_HEADER = YES;
				CLANG_WARN_RANGE_LOOP_ANALYSIS = YES;
				CLANG_WARN_STRICT_PROTOTYPES = YES;
				CLANG_WARN_SUSPICIOUS_MOVE = YES;
				CLANG_WARN_UNGUARDED_AVAILABILITY = YES_AGGRESSIVE;
				CLANG_WARN_UNREACHABLE_CODE = YES;
				CLANG_WARN__DUPLICATE_METHOD_MATCH = YES;
				COPY_PHASE_STRIP = NO;
				DEBUG_INFORMATION_FORMAT = dwarf;
				ENABLE_STRICT_OBJC_MSGSEND = YES;
				ENABLE_TESTABILITY = YES;
				GCC_C_LANGUAGE_STANDARD = gnu11;
				GCC_DYNAMIC_NO_PIC = NO;
				GCC_NO_COMMON_BLOCKS = YES;
				GCC_OPTIMIZATION_LEVEL = 0;
				GCC_PREPROCESSOR_DEFINITIONS = (
					"DEBUG=1",
					"$(inherited)",
				);
				GCC_WARN_64_TO_32_BIT_CONVERSION = YES;
				GCC_WARN_ABOUT_RETURN_TYPE = YES_ERROR;
				GCC_WARN_UNDECLARED_SELECTOR = YES;
				GCC_WARN_UNINITIALIZED_AUTOS = YES_AGGRESSIVE;
				GCC_WARN_UNUSED_FUNCTION = YES;
				GCC_WARN_UNUSED_VARIABLE = YES;
				MACOSX_DEPLOYMENT_TARGET = 11.6;
				MTL_ENABLE_DEBUG_INFO = INCLUDE_SOURCE;
				MTL_FAST_MATH = YES;
				ONLY_ACTIVE_ARCH = YES;
				SDKROOT = macosx;
			};
			name = Debug;
		};
		75536DA127DDDDB0005487DC /* Release */ = {
			isa = XCBuildConfiguration;
			buildSettings = {
				ALWAYS_SEARCH_USER_PATHS = NO;
				CLANG_ANALYZER_NONNULL = YES;
				CLANG_ANALYZER_NUMBER_OBJECT_CONVERSION = YES_AGGRESSIVE;
				CLANG_CXX_LANGUAGE_STANDARD = "gnu++17";
				CLANG_CXX_LIBRARY = "libc++";
				CLANG_ENABLE_MODULES = YES;
				CLANG_ENABLE_OBJC_ARC = YES;
				CLANG_ENABLE_OBJC_WEAK = YES;
				CLANG_WARN_BLOCK_CAPTURE_AUTORELEASING = YES;
				CLANG_WARN_BOOL_CONVERSION = YES;
				CLANG_WARN_COMMA = YES;
				CLANG_WARN_CONSTANT_CONVERSION = YES;
				CLANG_WARN_DEPRECATED_OBJC_IMPLEMENTATIONS = YES;
				CLANG_WARN_DIRECT_OBJC_ISA_USAGE = YES_ERROR;
				CLANG_WARN_DOCUMENTATION_COMMENTS = YES;
				CLANG_WARN_EMPTY_BODY = YES;
				CLANG_WARN_ENUM_CONVERSION = YES;
				CLANG_WARN_INFINITE_RECURSION = YES;
				CLANG_WARN_INT_CONVERSION = YES;
				CLANG_WARN_NON_LITERAL_NULL_CONVERSION = YES;
				CLANG_WARN_OBJC_IMPLICIT_RETAIN_SELF = YES;
				CLANG_WARN_OBJC_LITERAL_CONVERSION = YES;
				CLANG_WARN_OBJC_ROOT_CLASS = YES_ERROR;
				CLANG_WARN_QUOTED_INCLUDE_IN_FRAMEWORK_HEADER = YES;
				CLANG_WARN_RANGE_LOOP_ANALYSIS = YES;
				CLANG_WARN_STRICT_PROTOTYPES = YES;
				CLANG_WARN_SUSPICIOUS_MOVE = YES;
				CLANG_WARN_UNGUARDED_AVAILABILITY = YES_AGGRESSIVE;
				CLANG_WARN_UNREACHABLE_CODE = YES;
				CLANG_WARN__DUPLICATE_METHOD_MATCH = YES;
				COPY_PHASE_STRIP = NO;
				DEBUG_INFORMATION_FORMAT = "dwarf-with-dsym";
				ENABLE_NS_ASSERTIONS = NO;
				ENABLE_STRICT_OBJC_MSGSEND = YES;
				GCC_C_LANGUAGE_STANDARD = gnu11;
				GCC_NO_COMMON_BLOCKS = YES;
				GCC_WARN_64_TO_32_BIT_CONVERSION = YES;
				GCC_WARN_ABOUT_RETURN_TYPE = YES_ERROR;
				GCC_WARN_UNDECLARED_SELECTOR = YES;
				GCC_WARN_UNINITIALIZED_AUTOS = YES_AGGRESSIVE;
				GCC_WARN_UNUSED_FUNCTION = YES;
				GCC_WARN_UNUSED_VARIABLE = YES;
				MACOSX_DEPLOYMENT_TARGET = 11.6;
				MTL_ENABLE_DEBUG_INFO = NO;
				MTL_FAST_MATH = YES;
				SDKROOT = macosx;
			};
			name = Release;
		};
		75536DA327DDDDB0005487DC /* Debug */ = {
			isa = XCBuildConfiguration;
			buildSettings = {
				CODE_SIGN_STYLE = Automatic;
				PRODUCT_NAME = "$(TARGET_NAME)";
			};
			name = Debug;
		};
		75536DA427DDDDB0005487DC /* Release */ = {
			isa = XCBuildConfiguration;
			buildSettings = {
				CODE_SIGN_STYLE = Automatic;
				PRODUCT_NAME = "$(TARGET_NAME)";
			};
			name = Release;
		};
		75536DAE27DDDDD7005487DC /* Debug */ = {
			isa = XCBuildConfiguration;
			buildSettings = {
				CODE_SIGN_STYLE = Automatic;
				PRODUCT_NAME = "$(TARGET_NAME)";
			};
			name = Debug;
		};
		75536DAF27DDDDD7005487DC /* Release */ = {
			isa = XCBuildConfiguration;
			buildSettings = {
				CODE_SIGN_STYLE = Automatic;
				PRODUCT_NAME = "$(TARGET_NAME)";
			};
			name = Release;
		};
/* End XCBuildConfiguration section */

/* Begin XCConfigurationList section */
		207CC0BF27DE318A00B41C33 /* Build configuration list for PBXNativeTarget "7B_schedule" */ = {
			isa = XCConfigurationList;
			buildConfigurations = (
				207CC0BD27DE318A00B41C33 /* Debug */,
				207CC0BE27DE318A00B41C33 /* Release */,
			);
			defaultConfigurationIsVisible = 0;
			defaultConfigurationName = Release;
		};
		207CC0C827DE681D00B41C33 /* Build configuration list for PBXNativeTarget "7C_gold_rush" */ = {
			isa = XCConfigurationList;
			buildConfigurations = (
				207CC0C927DE681D00B41C33 /* Debug */,
				207CC0CA27DE681D00B41C33 /* Release */,
			);
			defaultConfigurationIsVisible = 0;
			defaultConfigurationName = Release;
		};
		75536D9627DDDDB0005487DC /* Build configuration list for PBXProject "algorithms_part_three" */ = {
			isa = XCConfigurationList;
			buildConfigurations = (
				75536DA027DDDDB0005487DC /* Debug */,
				75536DA127DDDDB0005487DC /* Release */,
			);
			defaultConfigurationIsVisible = 0;
			defaultConfigurationName = Release;
		};
		75536DA227DDDDB0005487DC /* Build configuration list for PBXNativeTarget "algorithms_part_three" */ = {
			isa = XCConfigurationList;
			buildConfigurations = (
				75536DA327DDDDB0005487DC /* Debug */,
				75536DA427DDDDB0005487DC /* Release */,
			);
			defaultConfigurationIsVisible = 0;
			defaultConfigurationName = Release;
		};
		75536DAD27DDDDD7005487DC /* Build configuration list for PBXNativeTarget "7A_stock_exchange" */ = {
			isa = XCConfigurationList;
			buildConfigurations = (
				75536DAE27DDDDD7005487DC /* Debug */,
				75536DAF27DDDDD7005487DC /* Release */,
			);
			defaultConfigurationIsVisible = 0;
			defaultConfigurationName = Release;
		};
/* End XCConfigurationList section */
	};
	rootObject = 75536D9327DDDDB0005487DC /* Project object */;
}
