// !$*UTF8*$!
{
	archiveVersion = 1;
	classes = {
	};
	objectVersion = 55;
	objects = {

/* Begin PBXBuildFile section */
		207CC0BC27DE318A00B41C33 /* main.cpp in Sources */ = {isa = PBXBuildFile; fileRef = 207CC0BB27DE318A00B41C33 /* main.cpp */; };
		207CC0C727DE681D00B41C33 /* main.cpp in Sources */ = {isa = PBXBuildFile; fileRef = 207CC0C627DE681D00B41C33 /* main.cpp */; };
		207CC0D227DFAE2F00B41C33 /* main.cpp in Sources */ = {isa = PBXBuildFile; fileRef = 207CC0D127DFAE2F00B41C33 /* main.cpp */; };
		20912BAB27E8D06200D2065A /* main.cpp in Sources */ = {isa = PBXBuildFile; fileRef = 20912BAA27E8D06200D2065A /* main.cpp */; };
		20912BB627E8E2BC00D2065A /* main.cpp in Sources */ = {isa = PBXBuildFile; fileRef = 20912BB527E8E2BC00D2065A /* main.cpp */; };
		20912BC127EF4F0800D2065A /* main.cpp in Sources */ = {isa = PBXBuildFile; fileRef = 20912BC027EF4F0800D2065A /* main.cpp */; };
		20912BCC27F0F0A700D2065A /* main.cpp in Sources */ = {isa = PBXBuildFile; fileRef = 20912BCB27F0F0A700D2065A /* main.cpp */; };
		20EAD94D27E495E60033BE38 /* main.cpp in Sources */ = {isa = PBXBuildFile; fileRef = 20EAD94C27E495E60033BE38 /* main.cpp */; };
		75536D9F27DDDDB0005487DC /* main.cpp in Sources */ = {isa = PBXBuildFile; fileRef = 75536D9E27DDDDB0005487DC /* main.cpp */; };
		75536DAC27DDDDD7005487DC /* main.cpp in Sources */ = {isa = PBXBuildFile; fileRef = 75536DAB27DDDDD7005487DC /* main.cpp */; };
		75536DB727DE99A2005487DC /* main.cpp in Sources */ = {isa = PBXBuildFile; fileRef = 75536DB627DE99A2005487DC /* main.cpp */; };
		75536DC227E3B766005487DC /* main.cpp in Sources */ = {isa = PBXBuildFile; fileRef = 75536DC127E3B766005487DC /* main.cpp */; };
		75536DCD27E88628005487DC /* main.cpp in Sources */ = {isa = PBXBuildFile; fileRef = 75536DCC27E88628005487DC /* main.cpp */; };
		758A22F127EEF6B2005C355A /* main.cpp in Sources */ = {isa = PBXBuildFile; fileRef = 758A22F027EEF6B2005C355A /* main.cpp */; };
/* End PBXBuildFile section */

/* Begin PBXCopyFilesBuildPhase section */
		207CC0B727DE318A00B41C33 /* CopyFiles */ = {
			isa = PBXCopyFilesBuildPhase;
			buildActionMask = 2147483647;
			dstPath = /usr/share/man/man1/;
			dstSubfolderSpec = 0;
			files = (
			);
			runOnlyForDeploymentPostprocessing = 1;
		};
		207CC0C227DE681D00B41C33 /* CopyFiles */ = {
			isa = PBXCopyFilesBuildPhase;
			buildActionMask = 2147483647;
			dstPath = /usr/share/man/man1/;
			dstSubfolderSpec = 0;
			files = (
			);
			runOnlyForDeploymentPostprocessing = 1;
		};
		207CC0CD27DFAE2F00B41C33 /* CopyFiles */ = {
			isa = PBXCopyFilesBuildPhase;
			buildActionMask = 2147483647;
			dstPath = /usr/share/man/man1/;
			dstSubfolderSpec = 0;
			files = (
			);
			runOnlyForDeploymentPostprocessing = 1;
		};
		20912BA627E8D06200D2065A /* CopyFiles */ = {
			isa = PBXCopyFilesBuildPhase;
			buildActionMask = 2147483647;
			dstPath = /usr/share/man/man1/;
			dstSubfolderSpec = 0;
			files = (
			);
			runOnlyForDeploymentPostprocessing = 1;
		};
		20912BB127E8E2BC00D2065A /* CopyFiles */ = {
			isa = PBXCopyFilesBuildPhase;
			buildActionMask = 2147483647;
			dstPath = /usr/share/man/man1/;
			dstSubfolderSpec = 0;
			files = (
			);
			runOnlyForDeploymentPostprocessing = 1;
		};
		20912BBC27EF4F0800D2065A /* CopyFiles */ = {
			isa = PBXCopyFilesBuildPhase;
			buildActionMask = 2147483647;
			dstPath = /usr/share/man/man1/;
			dstSubfolderSpec = 0;
			files = (
			);
			runOnlyForDeploymentPostprocessing = 1;
		};
		20912BC727F0F0A700D2065A /* CopyFiles */ = {
			isa = PBXCopyFilesBuildPhase;
			buildActionMask = 2147483647;
			dstPath = /usr/share/man/man1/;
			dstSubfolderSpec = 0;
			files = (
			);
			runOnlyForDeploymentPostprocessing = 1;
		};
		20EAD94827E495E60033BE38 /* CopyFiles */ = {
			isa = PBXCopyFilesBuildPhase;
			buildActionMask = 2147483647;
			dstPath = /usr/share/man/man1/;
			dstSubfolderSpec = 0;
			files = (
			);
			runOnlyForDeploymentPostprocessing = 1;
		};
		75536D9927DDDDB0005487DC /* CopyFiles */ = {
			isa = PBXCopyFilesBuildPhase;
			buildActionMask = 2147483647;
			dstPath = /usr/share/man/man1/;
			dstSubfolderSpec = 0;
			files = (
			);
			runOnlyForDeploymentPostprocessing = 1;
		};
		75536DA727DDDDD7005487DC /* CopyFiles */ = {
			isa = PBXCopyFilesBuildPhase;
			buildActionMask = 2147483647;
			dstPath = /usr/share/man/man1/;
			dstSubfolderSpec = 0;
			files = (
			);
			runOnlyForDeploymentPostprocessing = 1;
		};
		75536DB227DE99A2005487DC /* CopyFiles */ = {
			isa = PBXCopyFilesBuildPhase;
			buildActionMask = 2147483647;
			dstPath = /usr/share/man/man1/;
			dstSubfolderSpec = 0;
			files = (
			);
			runOnlyForDeploymentPostprocessing = 1;
		};
		75536DBD27E3B766005487DC /* CopyFiles */ = {
			isa = PBXCopyFilesBuildPhase;
			buildActionMask = 2147483647;
			dstPath = /usr/share/man/man1/;
			dstSubfolderSpec = 0;
			files = (
			);
			runOnlyForDeploymentPostprocessing = 1;
		};
		75536DC827E88628005487DC /* CopyFiles */ = {
			isa = PBXCopyFilesBuildPhase;
			buildActionMask = 2147483647;
			dstPath = /usr/share/man/man1/;
			dstSubfolderSpec = 0;
			files = (
			);
			runOnlyForDeploymentPostprocessing = 1;
		};
		758A22EC27EEF6B2005C355A /* CopyFiles */ = {
			isa = PBXCopyFilesBuildPhase;
			buildActionMask = 2147483647;
			dstPath = /usr/share/man/man1/;
			dstSubfolderSpec = 0;
			files = (
			);
			runOnlyForDeploymentPostprocessing = 1;
		};
/* End PBXCopyFilesBuildPhase section */

/* Begin PBXFileReference section */
		207CC0B927DE318A00B41C33 /* 7B_schedule */ = {isa = PBXFileReference; explicitFileType = "compiled.mach-o.executable"; includeInIndex = 0; path = 7B_schedule; sourceTree = BUILT_PRODUCTS_DIR; };
		207CC0BB27DE318A00B41C33 /* main.cpp */ = {isa = PBXFileReference; lastKnownFileType = sourcecode.cpp.cpp; path = main.cpp; sourceTree = "<group>"; };
		207CC0C427DE681D00B41C33 /* 7C_gold_rush */ = {isa = PBXFileReference; explicitFileType = "compiled.mach-o.executable"; includeInIndex = 0; path = 7C_gold_rush; sourceTree = BUILT_PRODUCTS_DIR; };
		207CC0C627DE681D00B41C33 /* main.cpp */ = {isa = PBXFileReference; lastKnownFileType = sourcecode.cpp.cpp; path = main.cpp; sourceTree = "<group>"; };
		207CC0CF27DFAE2F00B41C33 /* 7H_flower_field */ = {isa = PBXFileReference; explicitFileType = "compiled.mach-o.executable"; includeInIndex = 0; path = 7H_flower_field; sourceTree = BUILT_PRODUCTS_DIR; };
		207CC0D127DFAE2F00B41C33 /* main.cpp */ = {isa = PBXFileReference; lastKnownFileType = sourcecode.cpp.cpp; path = main.cpp; sourceTree = "<group>"; };
		20912BA827E8D06200D2065A /* 8B_border_control */ = {isa = PBXFileReference; explicitFileType = "compiled.mach-o.executable"; includeInIndex = 0; path = 8B_border_control; sourceTree = BUILT_PRODUCTS_DIR; };
		20912BAA27E8D06200D2065A /* main.cpp */ = {isa = PBXFileReference; lastKnownFileType = sourcecode.cpp.cpp; path = main.cpp; sourceTree = "<group>"; };
		20912BB327E8E2BC00D2065A /* 8K_compare_even_letters */ = {isa = PBXFileReference; explicitFileType = "compiled.mach-o.executable"; includeInIndex = 0; path = 8K_compare_even_letters; sourceTree = BUILT_PRODUCTS_DIR; };
		20912BB527E8E2BC00D2065A /* main.cpp */ = {isa = PBXFileReference; lastKnownFileType = sourcecode.cpp.cpp; path = main.cpp; sourceTree = "<group>"; };
		20912BBE27EF4F0800D2065A /* Sprint7TasktB */ = {isa = PBXFileReference; explicitFileType = "compiled.mach-o.executable"; includeInIndex = 0; path = Sprint7TasktB; sourceTree = BUILT_PRODUCTS_DIR; };
		20912BC027EF4F0800D2065A /* main.cpp */ = {isa = PBXFileReference; lastKnownFileType = sourcecode.cpp.cpp; path = main.cpp; sourceTree = "<group>"; };
		20912BC927F0F0A700D2065A /* 8G_search_with_shift */ = {isa = PBXFileReference; explicitFileType = "compiled.mach-o.executable"; includeInIndex = 0; path = 8G_search_with_shift; sourceTree = BUILT_PRODUCTS_DIR; };
		20912BCB27F0F0A700D2065A /* main.cpp */ = {isa = PBXFileReference; lastKnownFileType = sourcecode.cpp.cpp; path = main.cpp; sourceTree = "<group>"; };
		20EAD94A27E495E60033BE38 /* 7K_horoscopes */ = {isa = PBXFileReference; explicitFileType = "compiled.mach-o.executable"; includeInIndex = 0; path = 7K_horoscopes; sourceTree = BUILT_PRODUCTS_DIR; };
		20EAD94C27E495E60033BE38 /* main.cpp */ = {isa = PBXFileReference; lastKnownFileType = sourcecode.cpp.cpp; path = main.cpp; sourceTree = "<group>"; };
		75536D9B27DDDDB0005487DC /* algorithms_part_three */ = {isa = PBXFileReference; explicitFileType = "compiled.mach-o.executable"; includeInIndex = 0; path = algorithms_part_three; sourceTree = BUILT_PRODUCTS_DIR; };
		75536D9E27DDDDB0005487DC /* main.cpp */ = {isa = PBXFileReference; lastKnownFileType = sourcecode.cpp.cpp; path = main.cpp; sourceTree = "<group>"; };
		75536DA927DDDDD7005487DC /* 7A_stock_exchange */ = {isa = PBXFileReference; explicitFileType = "compiled.mach-o.executable"; includeInIndex = 0; path = 7A_stock_exchange; sourceTree = BUILT_PRODUCTS_DIR; };
		75536DAB27DDDDD7005487DC /* main.cpp */ = {isa = PBXFileReference; lastKnownFileType = sourcecode.cpp.cpp; path = main.cpp; sourceTree = "<group>"; };
		75536DB427DE99A2005487DC /* jumping_steps */ = {isa = PBXFileReference; explicitFileType = "compiled.mach-o.executable"; includeInIndex = 0; path = jumping_steps; sourceTree = BUILT_PRODUCTS_DIR; };
		75536DB627DE99A2005487DC /* main.cpp */ = {isa = PBXFileReference; lastKnownFileType = sourcecode.cpp.cpp; path = main.cpp; sourceTree = "<group>"; };
		75536DBF27E3B766005487DC /* gold_chunks */ = {isa = PBXFileReference; explicitFileType = "compiled.mach-o.executable"; includeInIndex = 0; path = gold_chunks; sourceTree = BUILT_PRODUCTS_DIR; };
		75536DC127E3B766005487DC /* main.cpp */ = {isa = PBXFileReference; lastKnownFileType = sourcecode.cpp.cpp; path = main.cpp; sourceTree = "<group>"; };
		75536DCA27E88628005487DC /* 8E_insertion_of_strings */ = {isa = PBXFileReference; explicitFileType = "compiled.mach-o.executable"; includeInIndex = 0; path = 8E_insertion_of_strings; sourceTree = BUILT_PRODUCTS_DIR; };
		75536DCC27E88628005487DC /* main.cpp */ = {isa = PBXFileReference; lastKnownFileType = sourcecode.cpp.cpp; path = main.cpp; sourceTree = "<group>"; };
		758A22EE27EEF6B2005C355A /* Sprint7TaskA */ = {isa = PBXFileReference; explicitFileType = "compiled.mach-o.executable"; includeInIndex = 0; path = Sprint7TaskA; sourceTree = BUILT_PRODUCTS_DIR; };
		758A22F027EEF6B2005C355A /* main.cpp */ = {isa = PBXFileReference; lastKnownFileType = sourcecode.cpp.cpp; path = main.cpp; sourceTree = "<group>"; };
/* End PBXFileReference section */

/* Begin PBXFrameworksBuildPhase section */
		207CC0B627DE318A00B41C33 /* Frameworks */ = {
			isa = PBXFrameworksBuildPhase;
			buildActionMask = 2147483647;
			files = (
			);
			runOnlyForDeploymentPostprocessing = 0;
		};
		207CC0C127DE681D00B41C33 /* Frameworks */ = {
			isa = PBXFrameworksBuildPhase;
			buildActionMask = 2147483647;
			files = (
			);
			runOnlyForDeploymentPostprocessing = 0;
		};
		207CC0CC27DFAE2F00B41C33 /* Frameworks */ = {
			isa = PBXFrameworksBuildPhase;
			buildActionMask = 2147483647;
			files = (
			);
			runOnlyForDeploymentPostprocessing = 0;
		};
		20912BA527E8D06200D2065A /* Frameworks */ = {
			isa = PBXFrameworksBuildPhase;
			buildActionMask = 2147483647;
			files = (
			);
			runOnlyForDeploymentPostprocessing = 0;
		};
		20912BB027E8E2BC00D2065A /* Frameworks */ = {
			isa = PBXFrameworksBuildPhase;
			buildActionMask = 2147483647;
			files = (
			);
			runOnlyForDeploymentPostprocessing = 0;
		};
		20912BBB27EF4F0800D2065A /* Frameworks */ = {
			isa = PBXFrameworksBuildPhase;
			buildActionMask = 2147483647;
			files = (
			);
			runOnlyForDeploymentPostprocessing = 0;
		};
		20912BC627F0F0A700D2065A /* Frameworks */ = {
			isa = PBXFrameworksBuildPhase;
			buildActionMask = 2147483647;
			files = (
			);
			runOnlyForDeploymentPostprocessing = 0;
		};
		20EAD94727E495E60033BE38 /* Frameworks */ = {
			isa = PBXFrameworksBuildPhase;
			buildActionMask = 2147483647;
			files = (
			);
			runOnlyForDeploymentPostprocessing = 0;
		};
		75536D9827DDDDB0005487DC /* Frameworks */ = {
			isa = PBXFrameworksBuildPhase;
			buildActionMask = 2147483647;
			files = (
			);
			runOnlyForDeploymentPostprocessing = 0;
		};
		75536DA627DDDDD7005487DC /* Frameworks */ = {
			isa = PBXFrameworksBuildPhase;
			buildActionMask = 2147483647;
			files = (
			);
			runOnlyForDeploymentPostprocessing = 0;
		};
		75536DB127DE99A2005487DC /* Frameworks */ = {
			isa = PBXFrameworksBuildPhase;
			buildActionMask = 2147483647;
			files = (
			);
			runOnlyForDeploymentPostprocessing = 0;
		};
		75536DBC27E3B766005487DC /* Frameworks */ = {
			isa = PBXFrameworksBuildPhase;
			buildActionMask = 2147483647;
			files = (
			);
			runOnlyForDeploymentPostprocessing = 0;
		};
		75536DC727E88628005487DC /* Frameworks */ = {
			isa = PBXFrameworksBuildPhase;
			buildActionMask = 2147483647;
			files = (
			);
			runOnlyForDeploymentPostprocessing = 0;
		};
		758A22EB27EEF6B2005C355A /* Frameworks */ = {
			isa = PBXFrameworksBuildPhase;
			buildActionMask = 2147483647;
			files = (
			);
			runOnlyForDeploymentPostprocessing = 0;
		};
/* End PBXFrameworksBuildPhase section */

/* Begin PBXGroup section */
		207CC0BA27DE318A00B41C33 /* 7B_schedule */ = {
			isa = PBXGroup;
			children = (
				207CC0BB27DE318A00B41C33 /* main.cpp */,
			);
			path = 7B_schedule;
			sourceTree = "<group>";
		};
		207CC0C527DE681D00B41C33 /* 7C_gold_rush */ = {
			isa = PBXGroup;
			children = (
				207CC0C627DE681D00B41C33 /* main.cpp */,
			);
			path = 7C_gold_rush;
			sourceTree = "<group>";
		};
		207CC0D027DFAE2F00B41C33 /* 7H_flower_field */ = {
			isa = PBXGroup;
			children = (
				207CC0D127DFAE2F00B41C33 /* main.cpp */,
			);
			path = 7H_flower_field;
			sourceTree = "<group>";
		};
		20912BA927E8D06200D2065A /* 8B_border_control */ = {
			isa = PBXGroup;
			children = (
				20912BAA27E8D06200D2065A /* main.cpp */,
			);
			path = 8B_border_control;
			sourceTree = "<group>";
		};
		20912BB427E8E2BC00D2065A /* 8K_compare_even_letters */ = {
			isa = PBXGroup;
			children = (
				20912BB527E8E2BC00D2065A /* main.cpp */,
			);
			path = 8K_compare_even_letters;
			sourceTree = "<group>";
		};
		20912BBF27EF4F0800D2065A /* Sprint7TasktB */ = {
			isa = PBXGroup;
			children = (
				20912BC027EF4F0800D2065A /* main.cpp */,
			);
			path = Sprint7TasktB;
			sourceTree = "<group>";
		};
		20912BCA27F0F0A700D2065A /* 8G_search_with_shift */ = {
			isa = PBXGroup;
			children = (
				20912BCB27F0F0A700D2065A /* main.cpp */,
			);
			path = 8G_search_with_shift;
			sourceTree = "<group>";
		};
		20EAD94B27E495E60033BE38 /* 7K_horoscopes */ = {
			isa = PBXGroup;
			children = (
				20EAD94C27E495E60033BE38 /* main.cpp */,
			);
			path = 7K_horoscopes;
			sourceTree = "<group>";
		};
		75536D9227DDDDB0005487DC = {
			isa = PBXGroup;
			children = (
				75536D9D27DDDDB0005487DC /* algorithms_part_three */,
				75536DAA27DDDDD7005487DC /* 7A_stock_exchange */,
				207CC0BA27DE318A00B41C33 /* 7B_schedule */,
				207CC0C527DE681D00B41C33 /* 7C_gold_rush */,
				75536DB527DE99A2005487DC /* jumping_steps */,
				207CC0D027DFAE2F00B41C33 /* 7H_flower_field */,
				75536DC027E3B766005487DC /* gold_chunks */,
				20EAD94B27E495E60033BE38 /* 7K_horoscopes */,
				75536DCB27E88628005487DC /* 8E_insertion_of_strings */,
				20912BA927E8D06200D2065A /* 8B_border_control */,
				20912BB427E8E2BC00D2065A /* 8K_compare_even_letters */,
				758A22EF27EEF6B2005C355A /* Sprint7TaskA */,
				20912BBF27EF4F0800D2065A /* Sprint7TasktB */,
				20912BCA27F0F0A700D2065A /* 8G_search_with_shift */,
				75536D9C27DDDDB0005487DC /* Products */,
			);
			sourceTree = "<group>";
		};
		75536D9C27DDDDB0005487DC /* Products */ = {
			isa = PBXGroup;
			children = (
				75536D9B27DDDDB0005487DC /* algorithms_part_three */,
				75536DA927DDDDD7005487DC /* 7A_stock_exchange */,
				207CC0B927DE318A00B41C33 /* 7B_schedule */,
				207CC0C427DE681D00B41C33 /* 7C_gold_rush */,
				75536DB427DE99A2005487DC /* jumping_steps */,
				207CC0CF27DFAE2F00B41C33 /* 7H_flower_field */,
				75536DBF27E3B766005487DC /* gold_chunks */,
				20EAD94A27E495E60033BE38 /* 7K_horoscopes */,
				75536DCA27E88628005487DC /* 8E_insertion_of_strings */,
				20912BA827E8D06200D2065A /* 8B_border_control */,
				20912BB327E8E2BC00D2065A /* 8K_compare_even_letters */,
				758A22EE27EEF6B2005C355A /* Sprint7TaskA */,
				20912BBE27EF4F0800D2065A /* Sprint7TasktB */,
				20912BC927F0F0A700D2065A /* 8G_search_with_shift */,
			);
			name = Products;
			sourceTree = "<group>";
		};
		75536D9D27DDDDB0005487DC /* algorithms_part_three */ = {
			isa = PBXGroup;
			children = (
				75536D9E27DDDDB0005487DC /* main.cpp */,
			);
			path = algorithms_part_three;
			sourceTree = "<group>";
		};
		75536DAA27DDDDD7005487DC /* 7A_stock_exchange */ = {
			isa = PBXGroup;
			children = (
				75536DAB27DDDDD7005487DC /* main.cpp */,
			);
			path = 7A_stock_exchange;
			sourceTree = "<group>";
		};
		75536DB527DE99A2005487DC /* jumping_steps */ = {
			isa = PBXGroup;
			children = (
				75536DB627DE99A2005487DC /* main.cpp */,
			);
			path = jumping_steps;
			sourceTree = "<group>";
		};
		75536DC027E3B766005487DC /* gold_chunks */ = {
			isa = PBXGroup;
			children = (
				75536DC127E3B766005487DC /* main.cpp */,
			);
			path = gold_chunks;
			sourceTree = "<group>";
		};
		75536DCB27E88628005487DC /* 8E_insertion_of_strings */ = {
			isa = PBXGroup;
			children = (
				75536DCC27E88628005487DC /* main.cpp */,
			);
			path = 8E_insertion_of_strings;
			sourceTree = "<group>";
		};
		758A22EF27EEF6B2005C355A /* Sprint7TaskA */ = {
			isa = PBXGroup;
			children = (
				758A22F027EEF6B2005C355A /* main.cpp */,
			);
			path = Sprint7TaskA;
			sourceTree = "<group>";
		};
/* End PBXGroup section */

/* Begin PBXNativeTarget section */
		207CC0B827DE318A00B41C33 /* 7B_schedule */ = {
			isa = PBXNativeTarget;
			buildConfigurationList = 207CC0BF27DE318A00B41C33 /* Build configuration list for PBXNativeTarget "7B_schedule" */;
			buildPhases = (
				207CC0B527DE318A00B41C33 /* Sources */,
				207CC0B627DE318A00B41C33 /* Frameworks */,
				207CC0B727DE318A00B41C33 /* CopyFiles */,
			);
			buildRules = (
			);
			dependencies = (
			);
			name = 7B_schedule;
			productName = 7B_schedule;
			productReference = 207CC0B927DE318A00B41C33 /* 7B_schedule */;
			productType = "com.apple.product-type.tool";
		};
		207CC0C327DE681D00B41C33 /* 7C_gold_rush */ = {
			isa = PBXNativeTarget;
			buildConfigurationList = 207CC0C827DE681D00B41C33 /* Build configuration list for PBXNativeTarget "7C_gold_rush" */;
			buildPhases = (
				207CC0C027DE681D00B41C33 /* Sources */,
				207CC0C127DE681D00B41C33 /* Frameworks */,
				207CC0C227DE681D00B41C33 /* CopyFiles */,
			);
			buildRules = (
			);
			dependencies = (
			);
			name = 7C_gold_rush;
			productName = 7C_gold_rush;
			productReference = 207CC0C427DE681D00B41C33 /* 7C_gold_rush */;
			productType = "com.apple.product-type.tool";
		};
		207CC0CE27DFAE2F00B41C33 /* 7H_flower_field */ = {
			isa = PBXNativeTarget;
			buildConfigurationList = 207CC0D527DFAE2F00B41C33 /* Build configuration list for PBXNativeTarget "7H_flower_field" */;
			buildPhases = (
				207CC0CB27DFAE2F00B41C33 /* Sources */,
				207CC0CC27DFAE2F00B41C33 /* Frameworks */,
				207CC0CD27DFAE2F00B41C33 /* CopyFiles */,
			);
			buildRules = (
			);
			dependencies = (
			);
			name = 7H_flower_field;
			productName = 7H_flower_field;
			productReference = 207CC0CF27DFAE2F00B41C33 /* 7H_flower_field */;
			productType = "com.apple.product-type.tool";
		};
		20912BA727E8D06200D2065A /* 8B_border_control */ = {
			isa = PBXNativeTarget;
			buildConfigurationList = 20912BAE27E8D06200D2065A /* Build configuration list for PBXNativeTarget "8B_border_control" */;
			buildPhases = (
				20912BA427E8D06200D2065A /* Sources */,
				20912BA527E8D06200D2065A /* Frameworks */,
				20912BA627E8D06200D2065A /* CopyFiles */,
			);
			buildRules = (
			);
			dependencies = (
			);
			name = 8B_border_control;
			productName = 8B_border_control;
			productReference = 20912BA827E8D06200D2065A /* 8B_border_control */;
			productType = "com.apple.product-type.tool";
		};
		20912BB227E8E2BC00D2065A /* 8K_compare_even_letters */ = {
			isa = PBXNativeTarget;
			buildConfigurationList = 20912BB727E8E2BC00D2065A /* Build configuration list for PBXNativeTarget "8K_compare_even_letters" */;
			buildPhases = (
				20912BAF27E8E2BC00D2065A /* Sources */,
				20912BB027E8E2BC00D2065A /* Frameworks */,
				20912BB127E8E2BC00D2065A /* CopyFiles */,
			);
			buildRules = (
			);
			dependencies = (
			);
			name = 8K_compare_even_letters;
			productName = 8K_compare_even_letters;
			productReference = 20912BB327E8E2BC00D2065A /* 8K_compare_even_letters */;
			productType = "com.apple.product-type.tool";
		};
		20912BBD27EF4F0800D2065A /* Sprint7TasktB */ = {
			isa = PBXNativeTarget;
			buildConfigurationList = 20912BC427EF4F0800D2065A /* Build configuration list for PBXNativeTarget "Sprint7TasktB" */;
			buildPhases = (
				20912BBA27EF4F0800D2065A /* Sources */,
				20912BBB27EF4F0800D2065A /* Frameworks */,
				20912BBC27EF4F0800D2065A /* CopyFiles */,
			);
			buildRules = (
			);
			dependencies = (
			);
			name = Sprint7TasktB;
			productName = Sprint7TasktB;
			productReference = 20912BBE27EF4F0800D2065A /* Sprint7TasktB */;
			productType = "com.apple.product-type.tool";
		};
		20912BC827F0F0A700D2065A /* 8G_search_with_shift */ = {
			isa = PBXNativeTarget;
			buildConfigurationList = 20912BCF27F0F0A700D2065A /* Build configuration list for PBXNativeTarget "8G_search_with_shift" */;
			buildPhases = (
				20912BC527F0F0A700D2065A /* Sources */,
				20912BC627F0F0A700D2065A /* Frameworks */,
				20912BC727F0F0A700D2065A /* CopyFiles */,
			);
			buildRules = (
			);
			dependencies = (
			);
			name = 8G_search_with_shift;
			productName = 8G_search_with_shift;
			productReference = 20912BC927F0F0A700D2065A /* 8G_search_with_shift */;
			productType = "com.apple.product-type.tool";
		};
		20EAD94927E495E60033BE38 /* 7K_horoscopes */ = {
			isa = PBXNativeTarget;
			buildConfigurationList = 20EAD95027E495E60033BE38 /* Build configuration list for PBXNativeTarget "7K_horoscopes" */;
			buildPhases = (
				20EAD94627E495E60033BE38 /* Sources */,
				20EAD94727E495E60033BE38 /* Frameworks */,
				20EAD94827E495E60033BE38 /* CopyFiles */,
			);
			buildRules = (
			);
			dependencies = (
			);
			name = 7K_horoscopes;
			productName = 7K_horoscopes;
			productReference = 20EAD94A27E495E60033BE38 /* 7K_horoscopes */;
			productType = "com.apple.product-type.tool";
		};
		75536D9A27DDDDB0005487DC /* algorithms_part_three */ = {
			isa = PBXNativeTarget;
			buildConfigurationList = 75536DA227DDDDB0005487DC /* Build configuration list for PBXNativeTarget "algorithms_part_three" */;
			buildPhases = (
				75536D9727DDDDB0005487DC /* Sources */,
				75536D9827DDDDB0005487DC /* Frameworks */,
				75536D9927DDDDB0005487DC /* CopyFiles */,
			);
			buildRules = (
			);
			dependencies = (
			);
			name = algorithms_part_three;
			productName = algorithms_part_three;
			productReference = 75536D9B27DDDDB0005487DC /* algorithms_part_three */;
			productType = "com.apple.product-type.tool";
		};
		75536DA827DDDDD7005487DC /* 7A_stock_exchange */ = {
			isa = PBXNativeTarget;
			buildConfigurationList = 75536DAD27DDDDD7005487DC /* Build configuration list for PBXNativeTarget "7A_stock_exchange" */;
			buildPhases = (
				75536DA527DDDDD7005487DC /* Sources */,
				75536DA627DDDDD7005487DC /* Frameworks */,
				75536DA727DDDDD7005487DC /* CopyFiles */,
			);
			buildRules = (
			);
			dependencies = (
			);
			name = 7A_stock_exchange;
			productName = 7A_stock_exchange;
			productReference = 75536DA927DDDDD7005487DC /* 7A_stock_exchange */;
			productType = "com.apple.product-type.tool";
		};
		75536DB327DE99A2005487DC /* jumping_steps */ = {
			isa = PBXNativeTarget;
			buildConfigurationList = 75536DBA27DE99A2005487DC /* Build configuration list for PBXNativeTarget "jumping_steps" */;
			buildPhases = (
				75536DB027DE99A2005487DC /* Sources */,
				75536DB127DE99A2005487DC /* Frameworks */,
				75536DB227DE99A2005487DC /* CopyFiles */,
			);
			buildRules = (
			);
			dependencies = (
			);
			name = jumping_steps;
			productName = jumping_steps;
			productReference = 75536DB427DE99A2005487DC /* jumping_steps */;
			productType = "com.apple.product-type.tool";
		};
		75536DBE27E3B766005487DC /* gold_chunks */ = {
			isa = PBXNativeTarget;
			buildConfigurationList = 75536DC527E3B766005487DC /* Build configuration list for PBXNativeTarget "gold_chunks" */;
			buildPhases = (
				75536DBB27E3B766005487DC /* Sources */,
				75536DBC27E3B766005487DC /* Frameworks */,
				75536DBD27E3B766005487DC /* CopyFiles */,
			);
			buildRules = (
			);
			dependencies = (
			);
			name = gold_chunks;
			productName = gold_chunks;
			productReference = 75536DBF27E3B766005487DC /* gold_chunks */;
			productType = "com.apple.product-type.tool";
		};
		75536DC927E88628005487DC /* 8E_insertion_of_strings */ = {
			isa = PBXNativeTarget;
			buildConfigurationList = 75536DD027E88628005487DC /* Build configuration list for PBXNativeTarget "8E_insertion_of_strings" */;
			buildPhases = (
				75536DC627E88628005487DC /* Sources */,
				75536DC727E88628005487DC /* Frameworks */,
				75536DC827E88628005487DC /* CopyFiles */,
			);
			buildRules = (
			);
			dependencies = (
			);
			name = 8E_insertion_of_strings;
			productName = 8E_insertion_of_strings;
			productReference = 75536DCA27E88628005487DC /* 8E_insertion_of_strings */;
			productType = "com.apple.product-type.tool";
		};
		758A22ED27EEF6B2005C355A /* Sprint7TaskA */ = {
			isa = PBXNativeTarget;
			buildConfigurationList = 758A22F427EEF6B2005C355A /* Build configuration list for PBXNativeTarget "Sprint7TaskA" */;
			buildPhases = (
				758A22EA27EEF6B2005C355A /* Sources */,
				758A22EB27EEF6B2005C355A /* Frameworks */,
				758A22EC27EEF6B2005C355A /* CopyFiles */,
			);
			buildRules = (
			);
			dependencies = (
			);
			name = Sprint7TaskA;
			productName = Sprint7TaskA;
			productReference = 758A22EE27EEF6B2005C355A /* Sprint7TaskA */;
			productType = "com.apple.product-type.tool";
		};
/* End PBXNativeTarget section */

/* Begin PBXProject section */
		75536D9327DDDDB0005487DC /* Project object */ = {
			isa = PBXProject;
			attributes = {
				BuildIndependentTargetsInParallel = 1;
				LastUpgradeCheck = 1330;
				TargetAttributes = {
					207CC0B827DE318A00B41C33 = {
						CreatedOnToolsVersion = 13.2.1;
					};
					207CC0C327DE681D00B41C33 = {
						CreatedOnToolsVersion = 13.2.1;
					};
					207CC0CE27DFAE2F00B41C33 = {
						CreatedOnToolsVersion = 13.2.1;
					};
					20912BA727E8D06200D2065A = {
						CreatedOnToolsVersion = 13.3;
					};
					20912BB227E8E2BC00D2065A = {
						CreatedOnToolsVersion = 13.3;
					};
					20912BBD27EF4F0800D2065A = {
						CreatedOnToolsVersion = 13.3;
					};
					20912BC827F0F0A700D2065A = {
						CreatedOnToolsVersion = 13.3;
					};
					20EAD94927E495E60033BE38 = {
						CreatedOnToolsVersion = 13.3;
					};
					75536D9A27DDDDB0005487DC = {
						CreatedOnToolsVersion = 13.2.1;
					};
					75536DA827DDDDD7005487DC = {
						CreatedOnToolsVersion = 13.2.1;
					};
					75536DB327DE99A2005487DC = {
						CreatedOnToolsVersion = 13.2.1;
					};
					75536DBE27E3B766005487DC = {
						CreatedOnToolsVersion = 13.2.1;
					};
					75536DC927E88628005487DC = {
						CreatedOnToolsVersion = 13.2.1;
					};
					758A22ED27EEF6B2005C355A = {
						CreatedOnToolsVersion = 13.2.1;
					};
				};
			};
			buildConfigurationList = 75536D9627DDDDB0005487DC /* Build configuration list for PBXProject "algorithms_part_three" */;
			compatibilityVersion = "Xcode 13.0";
			developmentRegion = en;
			hasScannedForEncodings = 0;
			knownRegions = (
				en,
				Base,
			);
			mainGroup = 75536D9227DDDDB0005487DC;
			productRefGroup = 75536D9C27DDDDB0005487DC /* Products */;
			projectDirPath = "";
			projectRoot = "";
			targets = (
				75536D9A27DDDDB0005487DC /* algorithms_part_three */,
				75536DA827DDDDD7005487DC /* 7A_stock_exchange */,
				207CC0B827DE318A00B41C33 /* 7B_schedule */,
				207CC0C327DE681D00B41C33 /* 7C_gold_rush */,
				75536DB327DE99A2005487DC /* jumping_steps */,
				207CC0CE27DFAE2F00B41C33 /* 7H_flower_field */,
				75536DBE27E3B766005487DC /* gold_chunks */,
				20EAD94927E495E60033BE38 /* 7K_horoscopes */,
				75536DC927E88628005487DC /* 8E_insertion_of_strings */,
				20912BA727E8D06200D2065A /* 8B_border_control */,
				20912BB227E8E2BC00D2065A /* 8K_compare_even_letters */,
				758A22ED27EEF6B2005C355A /* Sprint7TaskA */,
				20912BBD27EF4F0800D2065A /* Sprint7TasktB */,
				20912BC827F0F0A700D2065A /* 8G_search_with_shift */,
			);
		};
/* End PBXProject section */

/* Begin PBXSourcesBuildPhase section */
		207CC0B527DE318A00B41C33 /* Sources */ = {
			isa = PBXSourcesBuildPhase;
			buildActionMask = 2147483647;
			files = (
				207CC0BC27DE318A00B41C33 /* main.cpp in Sources */,
			);
			runOnlyForDeploymentPostprocessing = 0;
		};
		207CC0C027DE681D00B41C33 /* Sources */ = {
			isa = PBXSourcesBuildPhase;
			buildActionMask = 2147483647;
			files = (
				207CC0C727DE681D00B41C33 /* main.cpp in Sources */,
			);
			runOnlyForDeploymentPostprocessing = 0;
		};
		207CC0CB27DFAE2F00B41C33 /* Sources */ = {
			isa = PBXSourcesBuildPhase;
			buildActionMask = 2147483647;
			files = (
				207CC0D227DFAE2F00B41C33 /* main.cpp in Sources */,
			);
			runOnlyForDeploymentPostprocessing = 0;
		};
		20912BA427E8D06200D2065A /* Sources */ = {
			isa = PBXSourcesBuildPhase;
			buildActionMask = 2147483647;
			files = (
				20912BAB27E8D06200D2065A /* main.cpp in Sources */,
			);
			runOnlyForDeploymentPostprocessing = 0;
		};
		20912BAF27E8E2BC00D2065A /* Sources */ = {
			isa = PBXSourcesBuildPhase;
			buildActionMask = 2147483647;
			files = (
				20912BB627E8E2BC00D2065A /* main.cpp in Sources */,
			);
			runOnlyForDeploymentPostprocessing = 0;
		};
		20912BBA27EF4F0800D2065A /* Sources */ = {
			isa = PBXSourcesBuildPhase;
			buildActionMask = 2147483647;
			files = (
				20912BC127EF4F0800D2065A /* main.cpp in Sources */,
			);
			runOnlyForDeploymentPostprocessing = 0;
		};
		20912BC527F0F0A700D2065A /* Sources */ = {
			isa = PBXSourcesBuildPhase;
			buildActionMask = 2147483647;
			files = (
				20912BCC27F0F0A700D2065A /* main.cpp in Sources */,
			);
			runOnlyForDeploymentPostprocessing = 0;
		};
		20EAD94627E495E60033BE38 /* Sources */ = {
			isa = PBXSourcesBuildPhase;
			buildActionMask = 2147483647;
			files = (
				20EAD94D27E495E60033BE38 /* main.cpp in Sources */,
			);
			runOnlyForDeploymentPostprocessing = 0;
		};
		75536D9727DDDDB0005487DC /* Sources */ = {
			isa = PBXSourcesBuildPhase;
			buildActionMask = 2147483647;
			files = (
				75536D9F27DDDDB0005487DC /* main.cpp in Sources */,
			);
			runOnlyForDeploymentPostprocessing = 0;
		};
		75536DA527DDDDD7005487DC /* Sources */ = {
			isa = PBXSourcesBuildPhase;
			buildActionMask = 2147483647;
			files = (
				75536DAC27DDDDD7005487DC /* main.cpp in Sources */,
			);
			runOnlyForDeploymentPostprocessing = 0;
		};
		75536DB027DE99A2005487DC /* Sources */ = {
			isa = PBXSourcesBuildPhase;
			buildActionMask = 2147483647;
			files = (
				75536DB727DE99A2005487DC /* main.cpp in Sources */,
			);
			runOnlyForDeploymentPostprocessing = 0;
		};
		75536DBB27E3B766005487DC /* Sources */ = {
			isa = PBXSourcesBuildPhase;
			buildActionMask = 2147483647;
			files = (
				75536DC227E3B766005487DC /* main.cpp in Sources */,
			);
			runOnlyForDeploymentPostprocessing = 0;
		};
		75536DC627E88628005487DC /* Sources */ = {
			isa = PBXSourcesBuildPhase;
			buildActionMask = 2147483647;
			files = (
				75536DCD27E88628005487DC /* main.cpp in Sources */,
			);
			runOnlyForDeploymentPostprocessing = 0;
		};
		758A22EA27EEF6B2005C355A /* Sources */ = {
			isa = PBXSourcesBuildPhase;
			buildActionMask = 2147483647;
			files = (
				758A22F127EEF6B2005C355A /* main.cpp in Sources */,
			);
			runOnlyForDeploymentPostprocessing = 0;
		};
/* End PBXSourcesBuildPhase section */

/* Begin XCBuildConfiguration section */
		207CC0BD27DE318A00B41C33 /* Debug */ = {
			isa = XCBuildConfiguration;
			buildSettings = {
				CODE_SIGN_IDENTITY = "-";
				CODE_SIGN_STYLE = Automatic;
				MACOSX_DEPLOYMENT_TARGET = 12.1;
				PRODUCT_NAME = "$(TARGET_NAME)";
			};
			name = Debug;
		};
		207CC0BE27DE318A00B41C33 /* Release */ = {
			isa = XCBuildConfiguration;
			buildSettings = {
				CODE_SIGN_IDENTITY = "-";
				CODE_SIGN_STYLE = Automatic;
				MACOSX_DEPLOYMENT_TARGET = 12.1;
				PRODUCT_NAME = "$(TARGET_NAME)";
			};
			name = Release;
		};
		207CC0C927DE681D00B41C33 /* Debug */ = {
			isa = XCBuildConfiguration;
			buildSettings = {
				CODE_SIGN_IDENTITY = "-";
				CODE_SIGN_STYLE = Automatic;
				MACOSX_DEPLOYMENT_TARGET = 12.1;
				PRODUCT_NAME = "$(TARGET_NAME)";
			};
			name = Debug;
		};
		207CC0CA27DE681D00B41C33 /* Release */ = {
			isa = XCBuildConfiguration;
			buildSettings = {
				CODE_SIGN_IDENTITY = "-";
				CODE_SIGN_STYLE = Automatic;
				MACOSX_DEPLOYMENT_TARGET = 12.1;
				PRODUCT_NAME = "$(TARGET_NAME)";
			};
			name = Release;
		};
		207CC0D327DFAE2F00B41C33 /* Debug */ = {
			isa = XCBuildConfiguration;
			buildSettings = {
				CODE_SIGN_IDENTITY = "-";
				CODE_SIGN_STYLE = Automatic;
				MACOSX_DEPLOYMENT_TARGET = 11.0;
				PRODUCT_NAME = "$(TARGET_NAME)";
			};
			name = Debug;
		};
		207CC0D427DFAE2F00B41C33 /* Release */ = {
			isa = XCBuildConfiguration;
			buildSettings = {
				CODE_SIGN_IDENTITY = "-";
				CODE_SIGN_STYLE = Automatic;
				MACOSX_DEPLOYMENT_TARGET = 11.0;
				PRODUCT_NAME = "$(TARGET_NAME)";
			};
			name = Release;
		};
		20912BAC27E8D06200D2065A /* Debug */ = {
			isa = XCBuildConfiguration;
			buildSettings = {
				CODE_SIGN_STYLE = Automatic;
				MACOSX_DEPLOYMENT_TARGET = 12.2;
				PRODUCT_NAME = "$(TARGET_NAME)";
			};
			name = Debug;
		};
		20912BAD27E8D06200D2065A /* Release */ = {
			isa = XCBuildConfiguration;
			buildSettings = {
				CODE_SIGN_STYLE = Automatic;
				MACOSX_DEPLOYMENT_TARGET = 12.2;
				PRODUCT_NAME = "$(TARGET_NAME)";
			};
			name = Release;
		};
		20912BB827E8E2BC00D2065A /* Debug */ = {
			isa = XCBuildConfiguration;
			buildSettings = {
				CODE_SIGN_STYLE = Automatic;
				MACOSX_DEPLOYMENT_TARGET = 10.13;
				PRODUCT_NAME = "$(TARGET_NAME)";
			};
			name = Debug;
		};
		20912BB927E8E2BC00D2065A /* Release */ = {
			isa = XCBuildConfiguration;
			buildSettings = {
				CODE_SIGN_STYLE = Automatic;
				MACOSX_DEPLOYMENT_TARGET = 10.13;
				PRODUCT_NAME = "$(TARGET_NAME)";
			};
			name = Release;
		};
		20912BC227EF4F0800D2065A /* Debug */ = {
			isa = XCBuildConfiguration;
			buildSettings = {
				CODE_SIGN_STYLE = Automatic;
				MACOSX_DEPLOYMENT_TARGET = 12.2;
				PRODUCT_NAME = "$(TARGET_NAME)";
			};
			name = Debug;
		};
		20912BC327EF4F0800D2065A /* Release */ = {
			isa = XCBuildConfiguration;
			buildSettings = {
				CODE_SIGN_STYLE = Automatic;
				MACOSX_DEPLOYMENT_TARGET = 12.2;
				PRODUCT_NAME = "$(TARGET_NAME)";
			};
			name = Release;
		};
		20912BCD27F0F0A700D2065A /* Debug */ = {
			isa = XCBuildConfiguration;
			buildSettings = {
				CODE_SIGN_STYLE = Automatic;
				MACOSX_DEPLOYMENT_TARGET = 12.2;
				PRODUCT_NAME = "$(TARGET_NAME)";
			};
			name = Debug;
		};
		20912BCE27F0F0A700D2065A /* Release */ = {
			isa = XCBuildConfiguration;
			buildSettings = {
				CODE_SIGN_STYLE = Automatic;
				MACOSX_DEPLOYMENT_TARGET = 12.2;
				PRODUCT_NAME = "$(TARGET_NAME)";
			};
			name = Release;
		};
		20EAD94E27E495E60033BE38 /* Debug */ = {
			isa = XCBuildConfiguration;
			buildSettings = {
				CODE_SIGN_IDENTITY = "-";
				CODE_SIGN_STYLE = Automatic;
				MACOSX_DEPLOYMENT_TARGET = 12.2;
				PRODUCT_NAME = "$(TARGET_NAME)";
			};
			name = Debug;
		};
		20EAD94F27E495E60033BE38 /* Release */ = {
			isa = XCBuildConfiguration;
			buildSettings = {
				CODE_SIGN_IDENTITY = "-";
				CODE_SIGN_STYLE = Automatic;
				MACOSX_DEPLOYMENT_TARGET = 12.2;
				PRODUCT_NAME = "$(TARGET_NAME)";
			};
			name = Release;
		};
		75536DA027DDDDB0005487DC /* Debug */ = {
			isa = XCBuildConfiguration;
			buildSettings = {
				ALWAYS_SEARCH_USER_PATHS = NO;
				CLANG_ANALYZER_NONNULL = YES;
				CLANG_ANALYZER_NUMBER_OBJECT_CONVERSION = YES_AGGRESSIVE;
				CLANG_CXX_LANGUAGE_STANDARD = "gnu++17";
				CLANG_CXX_LIBRARY = "libc++";
				CLANG_ENABLE_MODULES = YES;
				CLANG_ENABLE_OBJC_ARC = YES;
				CLANG_ENABLE_OBJC_WEAK = YES;
				CLANG_WARN_BLOCK_CAPTURE_AUTORELEASING = YES;
				CLANG_WARN_BOOL_CONVERSION = YES;
				CLANG_WARN_COMMA = YES;
				CLANG_WARN_CONSTANT_CONVERSION = YES;
				CLANG_WARN_DEPRECATED_OBJC_IMPLEMENTATIONS = YES;
				CLANG_WARN_DIRECT_OBJC_ISA_USAGE = YES_ERROR;
				CLANG_WARN_DOCUMENTATION_COMMENTS = YES;
				CLANG_WARN_EMPTY_BODY = YES;
				CLANG_WARN_ENUM_CONVERSION = YES;
				CLANG_WARN_INFINITE_RECURSION = YES;
				CLANG_WARN_INT_CONVERSION = YES;
				CLANG_WARN_NON_LITERAL_NULL_CONVERSION = YES;
				CLANG_WARN_OBJC_IMPLICIT_RETAIN_SELF = YES;
				CLANG_WARN_OBJC_LITERAL_CONVERSION = YES;
				CLANG_WARN_OBJC_ROOT_CLASS = YES_ERROR;
				CLANG_WARN_QUOTED_INCLUDE_IN_FRAMEWORK_HEADER = YES;
				CLANG_WARN_RANGE_LOOP_ANALYSIS = YES;
				CLANG_WARN_STRICT_PROTOTYPES = YES;
				CLANG_WARN_SUSPICIOUS_MOVE = YES;
				CLANG_WARN_UNGUARDED_AVAILABILITY = YES_AGGRESSIVE;
				CLANG_WARN_UNREACHABLE_CODE = YES;
				CLANG_WARN__DUPLICATE_METHOD_MATCH = YES;
				COPY_PHASE_STRIP = NO;
				DEBUG_INFORMATION_FORMAT = dwarf;
				ENABLE_STRICT_OBJC_MSGSEND = YES;
				ENABLE_TESTABILITY = YES;
				GCC_C_LANGUAGE_STANDARD = gnu11;
				GCC_DYNAMIC_NO_PIC = NO;
				GCC_NO_COMMON_BLOCKS = YES;
				GCC_OPTIMIZATION_LEVEL = 0;
				GCC_PREPROCESSOR_DEFINITIONS = (
					"DEBUG=1",
					"$(inherited)",
				);
				GCC_WARN_64_TO_32_BIT_CONVERSION = YES;
				GCC_WARN_ABOUT_RETURN_TYPE = YES_ERROR;
				GCC_WARN_UNDECLARED_SELECTOR = YES;
				GCC_WARN_UNINITIALIZED_AUTOS = YES_AGGRESSIVE;
				GCC_WARN_UNUSED_FUNCTION = YES;
				GCC_WARN_UNUSED_VARIABLE = YES;
				MACOSX_DEPLOYMENT_TARGET = 11.6;
				MTL_ENABLE_DEBUG_INFO = INCLUDE_SOURCE;
				MTL_FAST_MATH = YES;
				ONLY_ACTIVE_ARCH = YES;
				SDKROOT = macosx;
			};
			name = Debug;
		};
		75536DA127DDDDB0005487DC /* Release */ = {
			isa = XCBuildConfiguration;
			buildSettings = {
				ALWAYS_SEARCH_USER_PATHS = NO;
				CLANG_ANALYZER_NONNULL = YES;
				CLANG_ANALYZER_NUMBER_OBJECT_CONVERSION = YES_AGGRESSIVE;
				CLANG_CXX_LANGUAGE_STANDARD = "gnu++17";
				CLANG_CXX_LIBRARY = "libc++";
				CLANG_ENABLE_MODULES = YES;
				CLANG_ENABLE_OBJC_ARC = YES;
				CLANG_ENABLE_OBJC_WEAK = YES;
				CLANG_WARN_BLOCK_CAPTURE_AUTORELEASING = YES;
				CLANG_WARN_BOOL_CONVERSION = YES;
				CLANG_WARN_COMMA = YES;
				CLANG_WARN_CONSTANT_CONVERSION = YES;
				CLANG_WARN_DEPRECATED_OBJC_IMPLEMENTATIONS = YES;
				CLANG_WARN_DIRECT_OBJC_ISA_USAGE = YES_ERROR;
				CLANG_WARN_DOCUMENTATION_COMMENTS = YES;
				CLANG_WARN_EMPTY_BODY = YES;
				CLANG_WARN_ENUM_CONVERSION = YES;
				CLANG_WARN_INFINITE_RECURSION = YES;
				CLANG_WARN_INT_CONVERSION = YES;
				CLANG_WARN_NON_LITERAL_NULL_CONVERSION = YES;
				CLANG_WARN_OBJC_IMPLICIT_RETAIN_SELF = YES;
				CLANG_WARN_OBJC_LITERAL_CONVERSION = YES;
				CLANG_WARN_OBJC_ROOT_CLASS = YES_ERROR;
				CLANG_WARN_QUOTED_INCLUDE_IN_FRAMEWORK_HEADER = YES;
				CLANG_WARN_RANGE_LOOP_ANALYSIS = YES;
				CLANG_WARN_STRICT_PROTOTYPES = YES;
				CLANG_WARN_SUSPICIOUS_MOVE = YES;
				CLANG_WARN_UNGUARDED_AVAILABILITY = YES_AGGRESSIVE;
				CLANG_WARN_UNREACHABLE_CODE = YES;
				CLANG_WARN__DUPLICATE_METHOD_MATCH = YES;
				COPY_PHASE_STRIP = NO;
				DEBUG_INFORMATION_FORMAT = "dwarf-with-dsym";
				ENABLE_NS_ASSERTIONS = NO;
				ENABLE_STRICT_OBJC_MSGSEND = YES;
				GCC_C_LANGUAGE_STANDARD = gnu11;
				GCC_NO_COMMON_BLOCKS = YES;
				GCC_WARN_64_TO_32_BIT_CONVERSION = YES;
				GCC_WARN_ABOUT_RETURN_TYPE = YES_ERROR;
				GCC_WARN_UNDECLARED_SELECTOR = YES;
				GCC_WARN_UNINITIALIZED_AUTOS = YES_AGGRESSIVE;
				GCC_WARN_UNUSED_FUNCTION = YES;
				GCC_WARN_UNUSED_VARIABLE = YES;
				MACOSX_DEPLOYMENT_TARGET = 11.6;
				MTL_ENABLE_DEBUG_INFO = NO;
				MTL_FAST_MATH = YES;
				SDKROOT = macosx;
			};
			name = Release;
		};
		75536DA327DDDDB0005487DC /* Debug */ = {
			isa = XCBuildConfiguration;
			buildSettings = {
				CODE_SIGN_IDENTITY = "-";
				CODE_SIGN_STYLE = Automatic;
				PRODUCT_NAME = "$(TARGET_NAME)";
			};
			name = Debug;
		};
		75536DA427DDDDB0005487DC /* Release */ = {
			isa = XCBuildConfiguration;
			buildSettings = {
				CODE_SIGN_IDENTITY = "-";
				CODE_SIGN_STYLE = Automatic;
				PRODUCT_NAME = "$(TARGET_NAME)";
			};
			name = Release;
		};
		75536DAE27DDDDD7005487DC /* Debug */ = {
			isa = XCBuildConfiguration;
			buildSettings = {
				CODE_SIGN_IDENTITY = "-";
				CODE_SIGN_STYLE = Automatic;
				PRODUCT_NAME = "$(TARGET_NAME)";
			};
			name = Debug;
		};
		75536DAF27DDDDD7005487DC /* Release */ = {
			isa = XCBuildConfiguration;
			buildSettings = {
				CODE_SIGN_IDENTITY = "-";
				CODE_SIGN_STYLE = Automatic;
				PRODUCT_NAME = "$(TARGET_NAME)";
			};
			name = Release;
		};
		75536DB827DE99A2005487DC /* Debug */ = {
			isa = XCBuildConfiguration;
			buildSettings = {
				CODE_SIGN_IDENTITY = "-";
				CODE_SIGN_STYLE = Automatic;
				PRODUCT_NAME = "$(TARGET_NAME)";
			};
			name = Debug;
		};
		75536DB927DE99A2005487DC /* Release */ = {
			isa = XCBuildConfiguration;
			buildSettings = {
				CODE_SIGN_IDENTITY = "-";
				CODE_SIGN_STYLE = Automatic;
				PRODUCT_NAME = "$(TARGET_NAME)";
			};
			name = Release;
		};
		75536DC327E3B766005487DC /* Debug */ = {
			isa = XCBuildConfiguration;
			buildSettings = {
				CODE_SIGN_IDENTITY = "-";
				CODE_SIGN_STYLE = Automatic;
				PRODUCT_NAME = "$(TARGET_NAME)";
			};
			name = Debug;
		};
		75536DC427E3B766005487DC /* Release */ = {
			isa = XCBuildConfiguration;
			buildSettings = {
				CODE_SIGN_IDENTITY = "-";
				CODE_SIGN_STYLE = Automatic;
				PRODUCT_NAME = "$(TARGET_NAME)";
			};
			name = Release;
		};
		75536DCE27E88628005487DC /* Debug */ = {
			isa = XCBuildConfiguration;
			buildSettings = {
				CODE_SIGN_STYLE = Automatic;
				PRODUCT_NAME = "$(TARGET_NAME)";
			};
			name = Debug;
		};
		75536DCF27E88628005487DC /* Release */ = {
			isa = XCBuildConfiguration;
			buildSettings = {
				CODE_SIGN_STYLE = Automatic;
				PRODUCT_NAME = "$(TARGET_NAME)";
			};
			name = Release;
		};
		758A22F227EEF6B2005C355A /* Debug */ = {
			isa = XCBuildConfiguration;
			buildSettings = {
				CODE_SIGN_STYLE = Automatic;
				PRODUCT_NAME = "$(TARGET_NAME)";
			};
			name = Debug;
		};
		758A22F327EEF6B2005C355A /* Release */ = {
			isa = XCBuildConfiguration;
			buildSettings = {
				CODE_SIGN_STYLE = Automatic;
				PRODUCT_NAME = "$(TARGET_NAME)";
			};
			name = Release;
		};
/* End XCBuildConfiguration section */

/* Begin XCConfigurationList section */
		207CC0BF27DE318A00B41C33 /* Build configuration list for PBXNativeTarget "7B_schedule" */ = {
			isa = XCConfigurationList;
			buildConfigurations = (
				207CC0BD27DE318A00B41C33 /* Debug */,
				207CC0BE27DE318A00B41C33 /* Release */,
			);
			defaultConfigurationIsVisible = 0;
			defaultConfigurationName = Release;
		};
		207CC0C827DE681D00B41C33 /* Build configuration list for PBXNativeTarget "7C_gold_rush" */ = {
			isa = XCConfigurationList;
			buildConfigurations = (
				207CC0C927DE681D00B41C33 /* Debug */,
				207CC0CA27DE681D00B41C33 /* Release */,
			);
			defaultConfigurationIsVisible = 0;
			defaultConfigurationName = Release;
		};
		207CC0D527DFAE2F00B41C33 /* Build configuration list for PBXNativeTarget "7H_flower_field" */ = {
			isa = XCConfigurationList;
			buildConfigurations = (
				207CC0D327DFAE2F00B41C33 /* Debug */,
				207CC0D427DFAE2F00B41C33 /* Release */,
			);
			defaultConfigurationIsVisible = 0;
			defaultConfigurationName = Release;
		};
		20912BAE27E8D06200D2065A /* Build configuration list for PBXNativeTarget "8B_border_control" */ = {
			isa = XCConfigurationList;
			buildConfigurations = (
				20912BAC27E8D06200D2065A /* Debug */,
				20912BAD27E8D06200D2065A /* Release */,
			);
			defaultConfigurationIsVisible = 0;
			defaultConfigurationName = Release;
		};
		20912BB727E8E2BC00D2065A /* Build configuration list for PBXNativeTarget "8K_compare_even_letters" */ = {
			isa = XCConfigurationList;
			buildConfigurations = (
				20912BB827E8E2BC00D2065A /* Debug */,
				20912BB927E8E2BC00D2065A /* Release */,
			);
			defaultConfigurationIsVisible = 0;
			defaultConfigurationName = Release;
		};
		20912BC427EF4F0800D2065A /* Build configuration list for PBXNativeTarget "Sprint7TasktB" */ = {
			isa = XCConfigurationList;
			buildConfigurations = (
				20912BC227EF4F0800D2065A /* Debug */,
				20912BC327EF4F0800D2065A /* Release */,
			);
			defaultConfigurationIsVisible = 0;
			defaultConfigurationName = Release;
		};
		20912BCF27F0F0A700D2065A /* Build configuration list for PBXNativeTarget "8G_search_with_shift" */ = {
			isa = XCConfigurationList;
			buildConfigurations = (
				20912BCD27F0F0A700D2065A /* Debug */,
				20912BCE27F0F0A700D2065A /* Release */,
			);
			defaultConfigurationIsVisible = 0;
			defaultConfigurationName = Release;
		};
		20EAD95027E495E60033BE38 /* Build configuration list for PBXNativeTarget "7K_horoscopes" */ = {
			isa = XCConfigurationList;
			buildConfigurations = (
				20EAD94E27E495E60033BE38 /* Debug */,
				20EAD94F27E495E60033BE38 /* Release */,
			);
			defaultConfigurationIsVisible = 0;
			defaultConfigurationName = Release;
		};
		75536D9627DDDDB0005487DC /* Build configuration list for PBXProject "algorithms_part_three" */ = {
			isa = XCConfigurationList;
			buildConfigurations = (
				75536DA027DDDDB0005487DC /* Debug */,
				75536DA127DDDDB0005487DC /* Release */,
			);
			defaultConfigurationIsVisible = 0;
			defaultConfigurationName = Release;
		};
		75536DA227DDDDB0005487DC /* Build configuration list for PBXNativeTarget "algorithms_part_three" */ = {
			isa = XCConfigurationList;
			buildConfigurations = (
				75536DA327DDDDB0005487DC /* Debug */,
				75536DA427DDDDB0005487DC /* Release */,
			);
			defaultConfigurationIsVisible = 0;
			defaultConfigurationName = Release;
		};
		75536DAD27DDDDD7005487DC /* Build configuration list for PBXNativeTarget "7A_stock_exchange" */ = {
			isa = XCConfigurationList;
			buildConfigurations = (
				75536DAE27DDDDD7005487DC /* Debug */,
				75536DAF27DDDDD7005487DC /* Release */,
			);
			defaultConfigurationIsVisible = 0;
			defaultConfigurationName = Release;
		};
		75536DBA27DE99A2005487DC /* Build configuration list for PBXNativeTarget "jumping_steps" */ = {
			isa = XCConfigurationList;
			buildConfigurations = (
				75536DB827DE99A2005487DC /* Debug */,
				75536DB927DE99A2005487DC /* Release */,
			);
			defaultConfigurationIsVisible = 0;
			defaultConfigurationName = Release;
		};
		75536DC527E3B766005487DC /* Build configuration list for PBXNativeTarget "gold_chunks" */ = {
			isa = XCConfigurationList;
			buildConfigurations = (
				75536DC327E3B766005487DC /* Debug */,
				75536DC427E3B766005487DC /* Release */,
			);
			defaultConfigurationIsVisible = 0;
			defaultConfigurationName = Release;
		};
		75536DD027E88628005487DC /* Build configuration list for PBXNativeTarget "8E_insertion_of_strings" */ = {
			isa = XCConfigurationList;
			buildConfigurations = (
				75536DCE27E88628005487DC /* Debug */,
				75536DCF27E88628005487DC /* Release */,
			);
			defaultConfigurationIsVisible = 0;
			defaultConfigurationName = Release;
		};
		758A22F427EEF6B2005C355A /* Build configuration list for PBXNativeTarget "Sprint7TaskA" */ = {
			isa = XCConfigurationList;
			buildConfigurations = (
				758A22F227EEF6B2005C355A /* Debug */,
				758A22F327EEF6B2005C355A /* Release */,
			);
			defaultConfigurationIsVisible = 0;
			defaultConfigurationName = Release;
		};
/* End XCConfigurationList section */
	};
	rootObject = 75536D9327DDDDB0005487DC /* Project object */;
}
